
Microsoft Visual Studio Solution File, Format Version 12.00
# Visual Studio Version 17
VisualStudioVersion = 17.5.002.0
MinimumVisualStudioVersion = 10.0.40219.1
Project("{9A19103F-16F7-4668-BE54-9A1E7A4F7556}") = "Grooming_Scheduler", "Grooming_Scheduler\Grooming_Scheduler.csproj", "{A5F15A09-37B2-46E3-B37F-B619ADE6A8E8}"
EndProject
Global
	GlobalSection(SolutionConfigurationPlatforms) = preSolution
		Debug|Any CPU = Debug|Any CPU
		Release|Any CPU = Release|Any CPU
	EndGlobalSection
	GlobalSection(ProjectConfigurationPlatforms) = postSolution
		{A5F15A09-37B2-46E3-B37F-B619ADE6A8E8}.Debug|Any CPU.ActiveCfg = Debug|Any CPU
		{A5F15A09-37B2-46E3-B37F-B619ADE6A8E8}.Debug|Any CPU.Build.0 = Debug|Any CPU
		{A5F15A09-37B2-46E3-B37F-B619ADE6A8E8}.Release|Any CPU.ActiveCfg = Release|Any CPU
		{A5F15A09-37B2-46E3-B37F-B619ADE6A8E8}.Release|Any CPU.Build.0 = Release|Any CPU
	EndGlobalSection
	GlobalSection(SolutionProperties) = preSolution
		HideSolutionNode = FALSE
	EndGlobalSection
	GlobalSection(ExtensibilityGlobals) = postSolution
		SolutionGuid = {AAF59B87-8BDD-423D-AB06-DE90CA7A8468}
	EndGlobalSection
EndGlobal
